
Microsoft Visual Studio Solution File, Format Version 12.00
# Visual Studio 14
VisualStudioVersion = 14.0.25420.1
MinimumVisualStudioVersion = 10.0.40219.1
Project("{FAE04EC0-301F-11D3-BF4B-00C04F79EFBC}") = "GreatFunctionalTests", "GreatFunctionalTests\GreatFunctionalTests.csproj", "{A57D41D5-06AC-47B2-BAD9-4F25C9A8ABAF}"
EndProject
Project("{FAE04EC0-301F-11D3-BF4B-00C04F79EFBC}") = "NameInverterTests", "NameInverterTests\NameInverterTests.csproj", "{454633AD-8F5A-4B43-96A5-313808DF8937}"
EndProject
Global
	GlobalSection(SolutionConfigurationPlatforms) = preSolution
		Debug|Any CPU = Debug|Any CPU
		Release|Any CPU = Release|Any CPU
	EndGlobalSection
	GlobalSection(ProjectConfigurationPlatforms) = postSolution
		{A57D41D5-06AC-47B2-BAD9-4F25C9A8ABAF}.Debug|Any CPU.ActiveCfg = Debug|Any CPU
		{A57D41D5-06AC-47B2-BAD9-4F25C9A8ABAF}.Debug|Any CPU.Build.0 = Debug|Any CPU
		{A57D41D5-06AC-47B2-BAD9-4F25C9A8ABAF}.Release|Any CPU.ActiveCfg = Release|Any CPU
		{A57D41D5-06AC-47B2-BAD9-4F25C9A8ABAF}.Release|Any CPU.Build.0 = Release|Any CPU
		{454633AD-8F5A-4B43-96A5-313808DF8937}.Debug|Any CPU.ActiveCfg = Debug|Any CPU
		{454633AD-8F5A-4B43-96A5-313808DF8937}.Debug|Any CPU.Build.0 = Debug|Any CPU
		{454633AD-8F5A-4B43-96A5-313808DF8937}.Release|Any CPU.ActiveCfg = Release|Any CPU
		{454633AD-8F5A-4B43-96A5-313808DF8937}.Release|Any CPU.Build.0 = Release|Any CPU
	EndGlobalSection
	GlobalSection(SolutionProperties) = preSolution
		HideSolutionNode = FALSE
	EndGlobalSection
EndGlobal
